
Microsoft Visual Studio Solution File, Format Version 12.00
# Visual Studio Version 17
VisualStudioVersion = 17.13.35806.99 d17.13
MinimumVisualStudioVersion = 10.0.40219.1
Project("{FAE04EC0-301F-11D3-BF4B-00C04F79EFBC}") = "Add two numbers", "Add two numbers\Add two numbers.csproj", "{D0CD688C-CDAE-454A-906E-BDBAAC05365F}"
EndProject
Global
	GlobalSection(SolutionConfigurationPlatforms) = preSolution
		Debug|Any CPU = Debug|Any CPU
		Release|Any CPU = Release|Any CPU
	EndGlobalSection
	GlobalSection(ProjectConfigurationPlatforms) = postSolution
		{D0CD688C-CDAE-454A-906E-BDBAAC05365F}.Debug|Any CPU.ActiveCfg = Debug|Any CPU
		{D0CD688C-CDAE-454A-906E-BDBAAC05365F}.Debug|Any CPU.Build.0 = Debug|Any CPU
		{D0CD688C-CDAE-454A-906E-BDBAAC05365F}.Release|Any CPU.ActiveCfg = Release|Any CPU
		{D0CD688C-CDAE-454A-906E-BDBAAC05365F}.Release|Any CPU.Build.0 = Release|Any CPU
	EndGlobalSection
	GlobalSection(SolutionProperties) = preSolution
		HideSolutionNode = FALSE
	EndGlobalSection
	GlobalSection(ExtensibilityGlobals) = postSolution
		SolutionGuid = {1B308439-C312-43D5-8A18-83FB19719C27}
	EndGlobalSection
EndGlobal
